
Microsoft Visual Studio Solution File, Format Version 12.00
# Visual Studio Version 17
VisualStudioVersion = 17.5.002.0
MinimumVisualStudioVersion = 10.0.40219.1
Project("{9A19103F-16F7-4668-BE54-9A1E7A4F7556}") = "AppClientes", "AppClientes.csproj", "{7AB301DE-63C0-40BC-A547-B0FCF396E58E}"
EndProject
Global
	GlobalSection(SolutionConfigurationPlatforms) = preSolution
		Debug|Any CPU = Debug|Any CPU
		Release|Any CPU = Release|Any CPU
	EndGlobalSection
	GlobalSection(ProjectConfigurationPlatforms) = postSolution
		{7AB301DE-63C0-40BC-A547-B0FCF396E58E}.Debug|Any CPU.ActiveCfg = Debug|Any CPU
		{7AB301DE-63C0-40BC-A547-B0FCF396E58E}.Debug|Any CPU.Build.0 = Debug|Any CPU
		{7AB301DE-63C0-40BC-A547-B0FCF396E58E}.Release|Any CPU.ActiveCfg = Release|Any CPU
		{7AB301DE-63C0-40BC-A547-B0FCF396E58E}.Release|Any CPU.Build.0 = Release|Any CPU
	EndGlobalSection
	GlobalSection(SolutionProperties) = preSolution
		HideSolutionNode = FALSE
	EndGlobalSection
	GlobalSection(ExtensibilityGlobals) = postSolution
		SolutionGuid = {DA0F72A4-5B94-41EE-9374-D19CCA582C63}
	EndGlobalSection
EndGlobal
